
Microsoft Visual Studio Solution File, Format Version 12.00
# Visual Studio 15
VisualStudioVersion = 15.0.28307.136
MinimumVisualStudioVersion = 10.0.40219.1
Project("{FAE04EC0-301F-11D3-BF4B-00C04F79EFBC}") = "Proceedix.OpenDoor", "Proceedix.OpenDoor\Proceedix.OpenDoor.csproj", "{E197127B-55FB-45A1-9333-9F86D3D2DE05}"
EndProject
Project("{FAE04EC0-301F-11D3-BF4B-00C04F79EFBC}") = "Proceedix.Interfaces", "Proceedix.Interfaces\Proceedix.Interfaces.csproj", "{60EE4430-8A87-41DD-B05E-5A9A930CE340}"
EndProject
Project("{FAE04EC0-301F-11D3-BF4B-00C04F79EFBC}") = "Proceedix.OpenDoorService", "Proceedix.OpenDoorService\Proceedix.OpenDoorService.csproj", "{396B1AD3-D38D-4F2D-8CED-31E582E0F543}"
EndProject
Project("{FAE04EC0-301F-11D3-BF4B-00C04F79EFBC}") = "Proceedix.MessageBus.RabbitMQ", "Proceedix.MessageBus.RabbitMQ\Proceedix.MessageBus.RabbitMQ.csproj", "{6283B9B2-F7D4-44A1-8801-DB6524120FD4}"
EndProject
Project("{FAE04EC0-301F-11D3-BF4B-00C04F79EFBC}") = "Proceedix.MessageBus.Messages", "Proceedix.MessageBus.Messages\Proceedix.MessageBus.Messages.csproj", "{1398890C-3071-4755-A70A-47468780AE2F}"
EndProject
Global
	GlobalSection(SolutionConfigurationPlatforms) = preSolution
		Debug|Any CPU = Debug|Any CPU
		Release|Any CPU = Release|Any CPU
	EndGlobalSection
	GlobalSection(ProjectConfigurationPlatforms) = postSolution
		{E197127B-55FB-45A1-9333-9F86D3D2DE05}.Debug|Any CPU.ActiveCfg = Debug|Any CPU
		{E197127B-55FB-45A1-9333-9F86D3D2DE05}.Debug|Any CPU.Build.0 = Debug|Any CPU
		{E197127B-55FB-45A1-9333-9F86D3D2DE05}.Release|Any CPU.ActiveCfg = Release|Any CPU
		{E197127B-55FB-45A1-9333-9F86D3D2DE05}.Release|Any CPU.Build.0 = Release|Any CPU
		{60EE4430-8A87-41DD-B05E-5A9A930CE340}.Debug|Any CPU.ActiveCfg = Debug|Any CPU
		{60EE4430-8A87-41DD-B05E-5A9A930CE340}.Debug|Any CPU.Build.0 = Debug|Any CPU
		{60EE4430-8A87-41DD-B05E-5A9A930CE340}.Release|Any CPU.ActiveCfg = Release|Any CPU
		{60EE4430-8A87-41DD-B05E-5A9A930CE340}.Release|Any CPU.Build.0 = Release|Any CPU
		{396B1AD3-D38D-4F2D-8CED-31E582E0F543}.Debug|Any CPU.ActiveCfg = Debug|Any CPU
		{396B1AD3-D38D-4F2D-8CED-31E582E0F543}.Debug|Any CPU.Build.0 = Debug|Any CPU
		{396B1AD3-D38D-4F2D-8CED-31E582E0F543}.Release|Any CPU.ActiveCfg = Release|Any CPU
		{396B1AD3-D38D-4F2D-8CED-31E582E0F543}.Release|Any CPU.Build.0 = Release|Any CPU
		{6283B9B2-F7D4-44A1-8801-DB6524120FD4}.Debug|Any CPU.ActiveCfg = Debug|Any CPU
		{6283B9B2-F7D4-44A1-8801-DB6524120FD4}.Debug|Any CPU.Build.0 = Debug|Any CPU
		{6283B9B2-F7D4-44A1-8801-DB6524120FD4}.Release|Any CPU.ActiveCfg = Release|Any CPU
		{6283B9B2-F7D4-44A1-8801-DB6524120FD4}.Release|Any CPU.Build.0 = Release|Any CPU
		{1398890C-3071-4755-A70A-47468780AE2F}.Debug|Any CPU.ActiveCfg = Debug|Any CPU
		{1398890C-3071-4755-A70A-47468780AE2F}.Debug|Any CPU.Build.0 = Debug|Any CPU
		{1398890C-3071-4755-A70A-47468780AE2F}.Release|Any CPU.ActiveCfg = Release|Any CPU
		{1398890C-3071-4755-A70A-47468780AE2F}.Release|Any CPU.Build.0 = Release|Any CPU
	EndGlobalSection
	GlobalSection(SolutionProperties) = preSolution
		HideSolutionNode = FALSE
	EndGlobalSection
	GlobalSection(ExtensibilityGlobals) = postSolution
		SolutionGuid = {F9A3F111-8ED7-4474-B8A0-9EA9B1A76AD9}
	EndGlobalSection
EndGlobal
